
Microsoft Visual Studio Solution File, Format Version 12.00
# Visual Studio Version 16
VisualStudioVersion = 16.0.30523.141
MinimumVisualStudioVersion = 10.0.40219.1
Project("{FAE04EC0-301F-11D3-BF4B-00C04F79EFBC}") = "Đồ án DBMS", "Đồ án DBMS.csproj", "{B750853E-EE75-4334-944C-07A9FDFDC808}"
EndProject
Global
	GlobalSection(SolutionConfigurationPlatforms) = preSolution
		Debug|Any CPU = Debug|Any CPU
		Release|Any CPU = Release|Any CPU
	EndGlobalSection
	GlobalSection(ProjectConfigurationPlatforms) = postSolution
		{B750853E-EE75-4334-944C-07A9FDFDC808}.Debug|Any CPU.ActiveCfg = Debug|Any CPU
		{B750853E-EE75-4334-944C-07A9FDFDC808}.Debug|Any CPU.Build.0 = Debug|Any CPU
		{B750853E-EE75-4334-944C-07A9FDFDC808}.Release|Any CPU.ActiveCfg = Release|Any CPU
		{B750853E-EE75-4334-944C-07A9FDFDC808}.Release|Any CPU.Build.0 = Release|Any CPU
	EndGlobalSection
	GlobalSection(SolutionProperties) = preSolution
		HideSolutionNode = FALSE
	EndGlobalSection
	GlobalSection(ExtensibilityGlobals) = postSolution
		SolutionGuid = {62E5A045-FB29-491B-8B5E-69449FA7161C}
	EndGlobalSection
EndGlobal
